{
    "name": "league-of-legends-app",
    "lockfileVersion": 2,
    "requires": true,
    "packages": {
      "": {
        "name": "league-of-legends-app",
        "version": "1.0.0",
        "dependencies": {
          "@parcel/transformer-css": "^2.8.3",
          "@parcel/transformer-html": "^2.8.3",
          "@parcel/transformer-js": "^2.8.3",
          "parcel": "^2.8.3"
        }
      },
      "node_modules/@parcel/transformer-css": {
        "version": "2.8.3",
        "resolved": "https://registry.npmjs.org/@parcel/transformer-css/-/transformer-css-2.8.3.tgz",
        "integrity": "sha512-...",
        "dev": true
      },
      "node_modules/@parcel/transformer-html": {
        "version": "2.8.3",
        "resolved": "https://registry.npmjs.org/@parcel/transformer-html/-/transformer-html-2.8.3.tgz",
        "integrity": "sha512-...",
        "dev": true
      },
      "node_modules/@parcel/transformer-js": {
        "version": "2.8.3",
        "resolved": "https://registry.npmjs.org/@parcel/transformer-js/-/transformer-js-2.8.3.tgz",
        "integrity": "sha512-...",
        "dev": true
      },
      "node_modules/parcel": {
        "version": "2.8.3",
        "resolved": "https://registry.npmjs.org/parcel/-/parcel-2.8.3.tgz",
        "integrity": "sha512-...",
        "dev": true
      }
    }
  }